
Microsoft Visual Studio Solution File, Format Version 12.00
Project("{FAE04EC0-301F-11D3-BF4B-00C04F79EFBC}") = "StudyItBot", "StudyItBot\StudyItBot.csproj", "{8702DF89-B8C0-42CD-983A-6AF5EDCAC43B}"
EndProject
Project("{FAE04EC0-301F-11D3-BF4B-00C04F79EFBC}") = "StudyItBotTests", "StudyItBotTests\StudyItBotTests.csproj", "{B0941437-21FA-4403-B8D1-8E7DC99EB870}"
EndProject
Global
	GlobalSection(SolutionConfigurationPlatforms) = preSolution
		Debug|Any CPU = Debug|Any CPU
		Release|Any CPU = Release|Any CPU
	EndGlobalSection
	GlobalSection(ProjectConfigurationPlatforms) = postSolution
		{8702DF89-B8C0-42CD-983A-6AF5EDCAC43B}.Debug|Any CPU.ActiveCfg = Debug|Any CPU
		{8702DF89-B8C0-42CD-983A-6AF5EDCAC43B}.Debug|Any CPU.Build.0 = Debug|Any CPU
		{8702DF89-B8C0-42CD-983A-6AF5EDCAC43B}.Release|Any CPU.ActiveCfg = Release|Any CPU
		{8702DF89-B8C0-42CD-983A-6AF5EDCAC43B}.Release|Any CPU.Build.0 = Release|Any CPU
		{B0941437-21FA-4403-B8D1-8E7DC99EB870}.Debug|Any CPU.ActiveCfg = Debug|Any CPU
		{B0941437-21FA-4403-B8D1-8E7DC99EB870}.Debug|Any CPU.Build.0 = Debug|Any CPU
		{B0941437-21FA-4403-B8D1-8E7DC99EB870}.Release|Any CPU.ActiveCfg = Release|Any CPU
		{B0941437-21FA-4403-B8D1-8E7DC99EB870}.Release|Any CPU.Build.0 = Release|Any CPU
	EndGlobalSection
EndGlobal
